// !$*UTF8*$!
{
	archiveVersion = 1;
	classes = {
	};
	objectVersion = 51;
	objects = {

/* Begin PBXBuildFile section */
		10FE6FCC3084AD8E7685ED8D /* Pods_UTNotes_UTNotesUITests.framework in Frameworks */ = {isa = PBXBuildFile; fileRef = 4EB27474A0C6031845E0E264 /* Pods_UTNotes_UTNotesUITests.framework */; };
		2F592BB2262F0319006C464D /* AppDelegate.swift in Sources */ = {isa = PBXBuildFile; fileRef = 2F592BB1262F0319006C464D /* AppDelegate.swift */; };
		2F592BB4262F0319006C464D /* SceneDelegate.swift in Sources */ = {isa = PBXBuildFile; fileRef = 2F592BB3262F0319006C464D /* SceneDelegate.swift */; };
		2F592BB6262F0319006C464D /* DocumentBrowserViewController.swift in Sources */ = {isa = PBXBuildFile; fileRef = 2F592BB5262F0319006C464D /* DocumentBrowserViewController.swift */; };
		2F592BBB262F031A006C464D /* Assets.xcassets in Resources */ = {isa = PBXBuildFile; fileRef = 2F592BBA262F031A006C464D /* Assets.xcassets */; };
		2F592BBE262F031A006C464D /* LaunchScreen.storyboard in Resources */ = {isa = PBXBuildFile; fileRef = 2F592BBC262F031A006C464D /* LaunchScreen.storyboard */; };
		2F592BC9262F031A006C464D /* UTNotesTests.swift in Sources */ = {isa = PBXBuildFile; fileRef = 2F592BC8262F031A006C464D /* UTNotesTests.swift */; };
		2F592BD4262F031A006C464D /* UTNotesUITests.swift in Sources */ = {isa = PBXBuildFile; fileRef = 2F592BD3262F031A006C464D /* UTNotesUITests.swift */; };
		2FB07E392646C21D0086BD8D /* MarkdownDocument.swift in Sources */ = {isa = PBXBuildFile; fileRef = 2FB07E382646C21D0086BD8D /* MarkdownDocument.swift */; };
		2FB07E3D2646C3F40086BD8D /* MarkdownEditorViewController.swift in Sources */ = {isa = PBXBuildFile; fileRef = 2FB07E3C2646C3F40086BD8D /* MarkdownEditorViewController.swift */; };
		2FB07E3F2646C9160086BD8D /* default.md in Resources */ = {isa = PBXBuildFile; fileRef = 2FB07E3E2646C8C00086BD8D /* default.md */; };
		34450F57E44E5D0ACC56DD2A /* Pods_UTNotes.framework in Frameworks */ = {isa = PBXBuildFile; fileRef = A55F006FAAF71166C2F5C5DD /* Pods_UTNotes.framework */; };
		CD0E3BA01A5996E0F459BB81 /* Pods_UTNotesTests.framework in Frameworks */ = {isa = PBXBuildFile; fileRef = DBD52AA99DF25713DAC8280A /* Pods_UTNotesTests.framework */; };
/* End PBXBuildFile section */

/* Begin PBXContainerItemProxy section */
		2F592BC5262F031A006C464D /* PBXContainerItemProxy */ = {
			isa = PBXContainerItemProxy;
			containerPortal = 2F592BA6262F0319006C464D /* Project object */;
			proxyType = 1;
			remoteGlobalIDString = 2F592BAD262F0319006C464D;
			remoteInfo = UTNotes;
		};
		2F592BD0262F031A006C464D /* PBXContainerItemProxy */ = {
			isa = PBXContainerItemProxy;
			containerPortal = 2F592BA6262F0319006C464D /* Project object */;
			proxyType = 1;
			remoteGlobalIDString = 2F592BAD262F0319006C464D;
			remoteInfo = UTNotes;
		};
/* End PBXContainerItemProxy section */

/* Begin PBXFileReference section */
		0010544471656177020F36BE /* Pods-UTNotes.debug.xcconfig */ = {isa = PBXFileReference; includeInIndex = 1; lastKnownFileType = text.xcconfig; name = "Pods-UTNotes.debug.xcconfig"; path = "Target Support Files/Pods-UTNotes/Pods-UTNotes.debug.xcconfig"; sourceTree = "<group>"; };
		06D2F76DF48B90B626E0840A /* Pods-UTNotes-UTNotesUITests.debug.xcconfig */ = {isa = PBXFileReference; includeInIndex = 1; lastKnownFileType = text.xcconfig; name = "Pods-UTNotes-UTNotesUITests.debug.xcconfig"; path = "Target Support Files/Pods-UTNotes-UTNotesUITests/Pods-UTNotes-UTNotesUITests.debug.xcconfig"; sourceTree = "<group>"; };
		2F592BAE262F0319006C464D /* UTNotes.app */ = {isa = PBXFileReference; explicitFileType = wrapper.application; includeInIndex = 0; path = UTNotes.app; sourceTree = BUILT_PRODUCTS_DIR; };
		2F592BB1262F0319006C464D /* AppDelegate.swift */ = {isa = PBXFileReference; lastKnownFileType = sourcecode.swift; path = AppDelegate.swift; sourceTree = "<group>"; };
		2F592BB3262F0319006C464D /* SceneDelegate.swift */ = {isa = PBXFileReference; lastKnownFileType = sourcecode.swift; path = SceneDelegate.swift; sourceTree = "<group>"; };
		2F592BB5262F0319006C464D /* DocumentBrowserViewController.swift */ = {isa = PBXFileReference; lastKnownFileType = sourcecode.swift; path = DocumentBrowserViewController.swift; sourceTree = "<group>"; };
		2F592BBA262F031A006C464D /* Assets.xcassets */ = {isa = PBXFileReference; lastKnownFileType = folder.assetcatalog; path = Assets.xcassets; sourceTree = "<group>"; };
		2F592BBD262F031A006C464D /* Base */ = {isa = PBXFileReference; lastKnownFileType = file.storyboard; name = Base; path = Base.lproj/LaunchScreen.storyboard; sourceTree = "<group>"; };
		2F592BBF262F031A006C464D /* Info.plist */ = {isa = PBXFileReference; lastKnownFileType = text.plist.xml; path = Info.plist; sourceTree = "<group>"; };
		2F592BC4262F031A006C464D /* UTNotesTests.xctest */ = {isa = PBXFileReference; explicitFileType = wrapper.cfbundle; includeInIndex = 0; path = UTNotesTests.xctest; sourceTree = BUILT_PRODUCTS_DIR; };
		2F592BC8262F031A006C464D /* UTNotesTests.swift */ = {isa = PBXFileReference; lastKnownFileType = sourcecode.swift; path = UTNotesTests.swift; sourceTree = "<group>"; };
		2F592BCA262F031A006C464D /* Info.plist */ = {isa = PBXFileReference; lastKnownFileType = text.plist.xml; path = Info.plist; sourceTree = "<group>"; };
		2F592BCF262F031A006C464D /* UTNotesUITests.xctest */ = {isa = PBXFileReference; explicitFileType = wrapper.cfbundle; includeInIndex = 0; path = UTNotesUITests.xctest; sourceTree = BUILT_PRODUCTS_DIR; };
		2F592BD3262F031A006C464D /* UTNotesUITests.swift */ = {isa = PBXFileReference; lastKnownFileType = sourcecode.swift; path = UTNotesUITests.swift; sourceTree = "<group>"; };
		2F592BD5262F031A006C464D /* Info.plist */ = {isa = PBXFileReference; lastKnownFileType = text.plist.xml; path = Info.plist; sourceTree = "<group>"; };
		2FB07E382646C21D0086BD8D /* MarkdownDocument.swift */ = {isa = PBXFileReference; lastKnownFileType = sourcecode.swift; path = MarkdownDocument.swift; sourceTree = "<group>"; };
		2FB07E3C2646C3F40086BD8D /* MarkdownEditorViewController.swift */ = {isa = PBXFileReference; lastKnownFileType = sourcecode.swift; path = MarkdownEditorViewController.swift; sourceTree = "<group>"; };
		2FB07E3E2646C8C00086BD8D /* default.md */ = {isa = PBXFileReference; lastKnownFileType = net.daringfireball.markdown; path = default.md; sourceTree = "<group>"; };
		3037EBBEE9CBE7B95FAAD217 /* Pods-UTNotesTests.release.xcconfig */ = {isa = PBXFileReference; includeInIndex = 1; lastKnownFileType = text.xcconfig; name = "Pods-UTNotesTests.release.xcconfig"; path = "Target Support Files/Pods-UTNotesTests/Pods-UTNotesTests.release.xcconfig"; sourceTree = "<group>"; };
		4EB27474A0C6031845E0E264 /* Pods_UTNotes_UTNotesUITests.framework */ = {isa = PBXFileReference; explicitFileType = wrapper.framework; includeInIndex = 0; path = Pods_UTNotes_UTNotesUITests.framework; sourceTree = BUILT_PRODUCTS_DIR; };
		4F616416C9FDB08E7F9F27E1 /* Pods-UTNotes.release.xcconfig */ = {isa = PBXFileReference; includeInIndex = 1; lastKnownFileType = text.xcconfig; name = "Pods-UTNotes.release.xcconfig"; path = "Target Support Files/Pods-UTNotes/Pods-UTNotes.release.xcconfig"; sourceTree = "<group>"; };
		8C0B3CC2E6A6B5D8913106F2 /* Pods-UTNotesTests.debug.xcconfig */ = {isa = PBXFileReference; includeInIndex = 1; lastKnownFileType = text.xcconfig; name = "Pods-UTNotesTests.debug.xcconfig"; path = "Target Support Files/Pods-UTNotesTests/Pods-UTNotesTests.debug.xcconfig"; sourceTree = "<group>"; };
		A55F006FAAF71166C2F5C5DD /* Pods_UTNotes.framework */ = {isa = PBXFileReference; explicitFileType = wrapper.framework; includeInIndex = 0; path = Pods_UTNotes.framework; sourceTree = BUILT_PRODUCTS_DIR; };
		DBD52AA99DF25713DAC8280A /* Pods_UTNotesTests.framework */ = {isa = PBXFileReference; explicitFileType = wrapper.framework; includeInIndex = 0; path = Pods_UTNotesTests.framework; sourceTree = BUILT_PRODUCTS_DIR; };
		F529A6B36DDF92061DEFF53F /* Pods-UTNotes-UTNotesUITests.release.xcconfig */ = {isa = PBXFileReference; includeInIndex = 1; lastKnownFileType = text.xcconfig; name = "Pods-UTNotes-UTNotesUITests.release.xcconfig"; path = "Target Support Files/Pods-UTNotes-UTNotesUITests/Pods-UTNotes-UTNotesUITests.release.xcconfig"; sourceTree = "<group>"; };
/* End PBXFileReference section */

/* Begin PBXFrameworksBuildPhase section */
		2F592BAB262F0319006C464D /* Frameworks */ = {
			isa = PBXFrameworksBuildPhase;
			buildActionMask = 2147483647;
			files = (
				34450F57E44E5D0ACC56DD2A /* Pods_UTNotes.framework in Frameworks */,
			);
			runOnlyForDeploymentPostprocessing = 0;
		};
		2F592BC1262F031A006C464D /* Frameworks */ = {
			isa = PBXFrameworksBuildPhase;
			buildActionMask = 2147483647;
			files = (
				CD0E3BA01A5996E0F459BB81 /* Pods_UTNotesTests.framework in Frameworks */,
			);
			runOnlyForDeploymentPostprocessing = 0;
		};
		2F592BCC262F031A006C464D /* Frameworks */ = {
			isa = PBXFrameworksBuildPhase;
			buildActionMask = 2147483647;
			files = (
				10FE6FCC3084AD8E7685ED8D /* Pods_UTNotes_UTNotesUITests.framework in Frameworks */,
			);
			runOnlyForDeploymentPostprocessing = 0;
		};
/* End PBXFrameworksBuildPhase section */

/* Begin PBXGroup section */
		141224E0EF06CEECEF6C4AFA /* Pods */ = {
			isa = PBXGroup;
			children = (
				0010544471656177020F36BE /* Pods-UTNotes.debug.xcconfig */,
				4F616416C9FDB08E7F9F27E1 /* Pods-UTNotes.release.xcconfig */,
				06D2F76DF48B90B626E0840A /* Pods-UTNotes-UTNotesUITests.debug.xcconfig */,
				F529A6B36DDF92061DEFF53F /* Pods-UTNotes-UTNotesUITests.release.xcconfig */,
				8C0B3CC2E6A6B5D8913106F2 /* Pods-UTNotesTests.debug.xcconfig */,
				3037EBBEE9CBE7B95FAAD217 /* Pods-UTNotesTests.release.xcconfig */,
			);
			path = Pods;
			sourceTree = "<group>";
		};
		2F592BA5262F0319006C464D = {
			isa = PBXGroup;
			children = (
				2F592BB0262F0319006C464D /* UTNotes */,
				2F592BC7262F031A006C464D /* UTNotesTests */,
				2F592BD2262F031A006C464D /* UTNotesUITests */,
				2F592BAF262F0319006C464D /* Products */,
				141224E0EF06CEECEF6C4AFA /* Pods */,
				58F51F78A6BB5509ABB8D462 /* Frameworks */,
			);
			sourceTree = "<group>";
		};
		2F592BAF262F0319006C464D /* Products */ = {
			isa = PBXGroup;
			children = (
				2F592BAE262F0319006C464D /* UTNotes.app */,
				2F592BC4262F031A006C464D /* UTNotesTests.xctest */,
				2F592BCF262F031A006C464D /* UTNotesUITests.xctest */,
			);
			name = Products;
			sourceTree = "<group>";
		};
		2F592BB0262F0319006C464D /* UTNotes */ = {
			isa = PBXGroup;
			children = (
				2F592BB1262F0319006C464D /* AppDelegate.swift */,
				2F592BB3262F0319006C464D /* SceneDelegate.swift */,
				2F592BB5262F0319006C464D /* DocumentBrowserViewController.swift */,
				2FB07E3E2646C8C00086BD8D /* default.md */,
				2FB07E3C2646C3F40086BD8D /* MarkdownEditorViewController.swift */,
				2FB07E382646C21D0086BD8D /* MarkdownDocument.swift */,
				2F592BBA262F031A006C464D /* Assets.xcassets */,
				2F592BBC262F031A006C464D /* LaunchScreen.storyboard */,
				2F592BBF262F031A006C464D /* Info.plist */,
			);
			path = UTNotes;
			sourceTree = "<group>";
		};
		2F592BC7262F031A006C464D /* UTNotesTests */ = {
			isa = PBXGroup;
			children = (
				2F592BC8262F031A006C464D /* UTNotesTests.swift */,
				2F592BCA262F031A006C464D /* Info.plist */,
			);
			path = UTNotesTests;
			sourceTree = "<group>";
		};
		2F592BD2262F031A006C464D /* UTNotesUITests */ = {
			isa = PBXGroup;
			children = (
				2F592BD3262F031A006C464D /* UTNotesUITests.swift */,
				2F592BD5262F031A006C464D /* Info.plist */,
			);
			path = UTNotesUITests;
			sourceTree = "<group>";
		};
		58F51F78A6BB5509ABB8D462 /* Frameworks */ = {
			isa = PBXGroup;
			children = (
				A55F006FAAF71166C2F5C5DD /* Pods_UTNotes.framework */,
				4EB27474A0C6031845E0E264 /* Pods_UTNotes_UTNotesUITests.framework */,
				DBD52AA99DF25713DAC8280A /* Pods_UTNotesTests.framework */,
			);
			name = Frameworks;
			sourceTree = "<group>";
		};
/* End PBXGroup section */

/* Begin PBXNativeTarget section */
		2F592BAD262F0319006C464D /* UTNotes */ = {
			isa = PBXNativeTarget;
			buildConfigurationList = 2F592BD8262F031A006C464D /* Build configuration list for PBXNativeTarget "UTNotes" */;
			buildPhases = (
				4646127BDE95AA6E781823D4 /* [CP] Check Pods Manifest.lock */,
				2F592BAA262F0319006C464D /* Sources */,
				2F592BAB262F0319006C464D /* Frameworks */,
				2F592BAC262F0319006C464D /* Resources */,
				C2DA4FE30EB505A8FD330B82 /* [CP] Embed Pods Frameworks */,
			);
			buildRules = (
			);
			dependencies = (
			);
			name = UTNotes;
			productName = UTNotes;
			productReference = 2F592BAE262F0319006C464D /* UTNotes.app */;
			productType = "com.apple.product-type.application";
		};
		2F592BC3262F031A006C464D /* UTNotesTests */ = {
			isa = PBXNativeTarget;
			buildConfigurationList = 2F592BDB262F031A006C464D /* Build configuration list for PBXNativeTarget "UTNotesTests" */;
			buildPhases = (
				66633CDBAECA950A363B17C7 /* [CP] Check Pods Manifest.lock */,
				2F592BC0262F031A006C464D /* Sources */,
				2F592BC1262F031A006C464D /* Frameworks */,
				2F592BC2262F031A006C464D /* Resources */,
			);
			buildRules = (
			);
			dependencies = (
				2F592BC6262F031A006C464D /* PBXTargetDependency */,
			);
			name = UTNotesTests;
			productName = UTNotesTests;
			productReference = 2F592BC4262F031A006C464D /* UTNotesTests.xctest */;
			productType = "com.apple.product-type.bundle.unit-test";
		};
		2F592BCE262F031A006C464D /* UTNotesUITests */ = {
			isa = PBXNativeTarget;
			buildConfigurationList = 2F592BDE262F031A006C464D /* Build configuration list for PBXNativeTarget "UTNotesUITests" */;
			buildPhases = (
				7AB23BE2E00E8436C3482D85 /* [CP] Check Pods Manifest.lock */,
				2F592BCB262F031A006C464D /* Sources */,
				2F592BCC262F031A006C464D /* Frameworks */,
				2F592BCD262F031A006C464D /* Resources */,
				38D7AEF6330EB393A9509E2D /* [CP] Embed Pods Frameworks */,
			);
			buildRules = (
			);
			dependencies = (
				2F592BD1262F031A006C464D /* PBXTargetDependency */,
			);
			name = UTNotesUITests;
			productName = UTNotesUITests;
			productReference = 2F592BCF262F031A006C464D /* UTNotesUITests.xctest */;
			productType = "com.apple.product-type.bundle.ui-testing";
		};
/* End PBXNativeTarget section */

/* Begin PBXProject section */
		2F592BA6262F0319006C464D /* Project object */ = {
			isa = PBXProject;
			attributes = {
				LastSwiftUpdateCheck = 1240;
				LastUpgradeCheck = 1240;
				TargetAttributes = {
					2F592BAD262F0319006C464D = {
						CreatedOnToolsVersion = 12.4;
					};
					2F592BC3262F031A006C464D = {
						CreatedOnToolsVersion = 12.4;
						TestTargetID = 2F592BAD262F0319006C464D;
					};
					2F592BCE262F031A006C464D = {
						CreatedOnToolsVersion = 12.4;
						TestTargetID = 2F592BAD262F0319006C464D;
					};
				};
			};
			buildConfigurationList = 2F592BA9262F0319006C464D /* Build configuration list for PBXProject "UTNotes" */;
			compatibilityVersion = "Xcode 9.3";
			developmentRegion = en;
			hasScannedForEncodings = 0;
			knownRegions = (
				en,
				Base,
			);
			mainGroup = 2F592BA5262F0319006C464D;
			productRefGroup = 2F592BAF262F0319006C464D /* Products */;
			projectDirPath = "";
			projectRoot = "";
			targets = (
				2F592BAD262F0319006C464D /* UTNotes */,
				2F592BC3262F031A006C464D /* UTNotesTests */,
				2F592BCE262F031A006C464D /* UTNotesUITests */,
			);
		};
/* End PBXProject section */

/* Begin PBXResourcesBuildPhase section */
		2F592BAC262F0319006C464D /* Resources */ = {
			isa = PBXResourcesBuildPhase;
			buildActionMask = 2147483647;
			files = (
				2F592BBE262F031A006C464D /* LaunchScreen.storyboard in Resources */,
				2F592BBB262F031A006C464D /* Assets.xcassets in Resources */,
				2FB07E3F2646C9160086BD8D /* default.md in Resources */,
			);
			runOnlyForDeploymentPostprocessing = 0;
		};
		2F592BC2262F031A006C464D /* Resources */ = {
			isa = PBXResourcesBuildPhase;
			buildActionMask = 2147483647;
			files = (
			);
			runOnlyForDeploymentPostprocessing = 0;
		};
		2F592BCD262F031A006C464D /* Resources */ = {
			isa = PBXResourcesBuildPhase;
			buildActionMask = 2147483647;
			files = (
			);
			runOnlyForDeploymentPostprocessing = 0;
		};
/* End PBXResourcesBuildPhase section */

/* Begin PBXShellScriptBuildPhase section */
		38D7AEF6330EB393A9509E2D /* [CP] Embed Pods Frameworks */ = {
			isa = PBXShellScriptBuildPhase;
			buildActionMask = 2147483647;
			files = (
			);
			inputFileListPaths = (
				"${PODS_ROOT}/Target Support Files/Pods-UTNotes-UTNotesUITests/Pods-UTNotes-UTNotesUITests-frameworks-${CONFIGURATION}-input-files.xcfilelist",
			);
			name = "[CP] Embed Pods Frameworks";
			outputFileListPaths = (
				"${PODS_ROOT}/Target Support Files/Pods-UTNotes-UTNotesUITests/Pods-UTNotes-UTNotesUITests-frameworks-${CONFIGURATION}-output-files.xcfilelist",
			);
			runOnlyForDeploymentPostprocessing = 0;
			shellPath = /bin/sh;
			shellScript = "\"${PODS_ROOT}/Target Support Files/Pods-UTNotes-UTNotesUITests/Pods-UTNotes-UTNotesUITests-frameworks.sh\"\n";
			showEnvVarsInLog = 0;
		};
		4646127BDE95AA6E781823D4 /* [CP] Check Pods Manifest.lock */ = {
			isa = PBXShellScriptBuildPhase;
			buildActionMask = 2147483647;
			files = (
			);
			inputFileListPaths = (
			);
			inputPaths = (
				"${PODS_PODFILE_DIR_PATH}/Podfile.lock",
				"${PODS_ROOT}/Manifest.lock",
			);
			name = "[CP] Check Pods Manifest.lock";
			outputFileListPaths = (
			);
			outputPaths = (
				"$(DERIVED_FILE_DIR)/Pods-UTNotes-checkManifestLockResult.txt",
			);
			runOnlyForDeploymentPostprocessing = 0;
			shellPath = /bin/sh;
			shellScript = "diff \"${PODS_PODFILE_DIR_PATH}/Podfile.lock\" \"${PODS_ROOT}/Manifest.lock\" > /dev/null\nif [ $? != 0 ] ; then\n    # print error to STDERR\n    echo \"error: The sandbox is not in sync with the Podfile.lock. Run 'pod install' or update your CocoaPods installation.\" >&2\n    exit 1\nfi\n# This output is used by Xcode 'outputs' to avoid re-running this script phase.\necho \"SUCCESS\" > \"${SCRIPT_OUTPUT_FILE_0}\"\n";
			showEnvVarsInLog = 0;
		};
		66633CDBAECA950A363B17C7 /* [CP] Check Pods Manifest.lock */ = {
			isa = PBXShellScriptBuildPhase;
			buildActionMask = 2147483647;
			files = (
			);
			inputFileListPaths = (
			);
			inputPaths = (
				"${PODS_PODFILE_DIR_PATH}/Podfile.lock",
				"${PODS_ROOT}/Manifest.lock",
			);
			name = "[CP] Check Pods Manifest.lock";
			outputFileListPaths = (
			);
			outputPaths = (
				"$(DERIVED_FILE_DIR)/Pods-UTNotesTests-checkManifestLockResult.txt",
			);
			runOnlyForDeploymentPostprocessing = 0;
			shellPath = /bin/sh;
			shellScript = "diff \"${PODS_PODFILE_DIR_PATH}/Podfile.lock\" \"${PODS_ROOT}/Manifest.lock\" > /dev/null\nif [ $? != 0 ] ; then\n    # print error to STDERR\n    echo \"error: The sandbox is not in sync with the Podfile.lock. Run 'pod install' or update your CocoaPods installation.\" >&2\n    exit 1\nfi\n# This output is used by Xcode 'outputs' to avoid re-running this script phase.\necho \"SUCCESS\" > \"${SCRIPT_OUTPUT_FILE_0}\"\n";
			showEnvVarsInLog = 0;
		};
		7AB23BE2E00E8436C3482D85 /* [CP] Check Pods Manifest.lock */ = {
			isa = PBXShellScriptBuildPhase;
			buildActionMask = 2147483647;
			files = (
			);
			inputFileListPaths = (
			);
			inputPaths = (
				"${PODS_PODFILE_DIR_PATH}/Podfile.lock",
				"${PODS_ROOT}/Manifest.lock",
			);
			name = "[CP] Check Pods Manifest.lock";
			outputFileListPaths = (
			);
			outputPaths = (
				"$(DERIVED_FILE_DIR)/Pods-UTNotes-UTNotesUITests-checkManifestLockResult.txt",
			);
			runOnlyForDeploymentPostprocessing = 0;
			shellPath = /bin/sh;
			shellScript = "diff \"${PODS_PODFILE_DIR_PATH}/Podfile.lock\" \"${PODS_ROOT}/Manifest.lock\" > /dev/null\nif [ $? != 0 ] ; then\n    # print error to STDERR\n    echo \"error: The sandbox is not in sync with the Podfile.lock. Run 'pod install' or update your CocoaPods installation.\" >&2\n    exit 1\nfi\n# This output is used by Xcode 'outputs' to avoid re-running this script phase.\necho \"SUCCESS\" > \"${SCRIPT_OUTPUT_FILE_0}\"\n";
			showEnvVarsInLog = 0;
		};
		C2DA4FE30EB505A8FD330B82 /* [CP] Embed Pods Frameworks */ = {
			isa = PBXShellScriptBuildPhase;
			buildActionMask = 2147483647;
			files = (
			);
			inputFileListPaths = (
				"${PODS_ROOT}/Target Support Files/Pods-UTNotes/Pods-UTNotes-frameworks-${CONFIGURATION}-input-files.xcfilelist",
			);
			name = "[CP] Embed Pods Frameworks";
			outputFileListPaths = (
				"${PODS_ROOT}/Target Support Files/Pods-UTNotes/Pods-UTNotes-frameworks-${CONFIGURATION}-output-files.xcfilelist",
			);
			runOnlyForDeploymentPostprocessing = 0;
			shellPath = /bin/sh;
			shellScript = "\"${PODS_ROOT}/Target Support Files/Pods-UTNotes/Pods-UTNotes-frameworks.sh\"\n";
			showEnvVarsInLog = 0;
		};
/* End PBXShellScriptBuildPhase section */

/* Begin PBXSourcesBuildPhase section */
		2F592BAA262F0319006C464D /* Sources */ = {
			isa = PBXSourcesBuildPhase;
			buildActionMask = 2147483647;
			files = (
				2F592BB6262F0319006C464D /* DocumentBrowserViewController.swift in Sources */,
				2F592BB2262F0319006C464D /* AppDelegate.swift in Sources */,
				2FB07E3D2646C3F40086BD8D /* MarkdownEditorViewController.swift in Sources */,
				2F592BB4262F0319006C464D /* SceneDelegate.swift in Sources */,
				2FB07E392646C21D0086BD8D /* MarkdownDocument.swift in Sources */,
			);
			runOnlyForDeploymentPostprocessing = 0;
		};
		2F592BC0262F031A006C464D /* Sources */ = {
			isa = PBXSourcesBuildPhase;
			buildActionMask = 2147483647;
			files = (
				2F592BC9262F031A006C464D /* UTNotesTests.swift in Sources */,
			);
			runOnlyForDeploymentPostprocessing = 0;
		};
		2F592BCB262F031A006C464D /* Sources */ = {
			isa = PBXSourcesBuildPhase;
			buildActionMask = 2147483647;
			files = (
				2F592BD4262F031A006C464D /* UTNotesUITests.swift in Sources */,
			);
			runOnlyForDeploymentPostprocessing = 0;
		};
/* End PBXSourcesBuildPhase section */

/* Begin PBXTargetDependency section */
		2F592BC6262F031A006C464D /* PBXTargetDependency */ = {
			isa = PBXTargetDependency;
			target = 2F592BAD262F0319006C464D /* UTNotes */;
			targetProxy = 2F592BC5262F031A006C464D /* PBXContainerItemProxy */;
		};
		2F592BD1262F031A006C464D /* PBXTargetDependency */ = {
			isa = PBXTargetDependency;
			target = 2F592BAD262F0319006C464D /* UTNotes */;
			targetProxy = 2F592BD0262F031A006C464D /* PBXContainerItemProxy */;
		};
/* End PBXTargetDependency section */

/* Begin PBXVariantGroup section */
		2F592BBC262F031A006C464D /* LaunchScreen.storyboard */ = {
			isa = PBXVariantGroup;
			children = (
				2F592BBD262F031A006C464D /* Base */,
			);
			name = LaunchScreen.storyboard;
			sourceTree = "<group>";
		};
/* End PBXVariantGroup section */

/* Begin XCBuildConfiguration section */
		2F592BD6262F031A006C464D /* Debug */ = {
			isa = XCBuildConfiguration;
			buildSettings = {
				ALWAYS_SEARCH_USER_PATHS = NO;
				CLANG_ANALYZER_NONNULL = YES;
				CLANG_ANALYZER_NUMBER_OBJECT_CONVERSION = YES_AGGRESSIVE;
				CLANG_CXX_LANGUAGE_STANDARD = "gnu++14";
				CLANG_CXX_LIBRARY = "libc++";
				CLANG_ENABLE_MODULES = YES;
				CLANG_ENABLE_OBJC_ARC = YES;
				CLANG_ENABLE_OBJC_WEAK = YES;
				CLANG_WARN_BLOCK_CAPTURE_AUTORELEASING = YES;
				CLANG_WARN_BOOL_CONVERSION = YES;
				CLANG_WARN_COMMA = YES;
				CLANG_WARN_CONSTANT_CONVERSION = YES;
				CLANG_WARN_DEPRECATED_OBJC_IMPLEMENTATIONS = YES;
				CLANG_WARN_DIRECT_OBJC_ISA_USAGE = YES_ERROR;
				CLANG_WARN_DOCUMENTATION_COMMENTS = YES;
				CLANG_WARN_EMPTY_BODY = YES;
				CLANG_WARN_ENUM_CONVERSION = YES;
				CLANG_WARN_INFINITE_RECURSION = YES;
				CLANG_WARN_INT_CONVERSION = YES;
				CLANG_WARN_NON_LITERAL_NULL_CONVERSION = YES;
				CLANG_WARN_OBJC_IMPLICIT_RETAIN_SELF = YES;
				CLANG_WARN_OBJC_LITERAL_CONVERSION = YES;
				CLANG_WARN_OBJC_ROOT_CLASS = YES_ERROR;
				CLANG_WARN_QUOTED_INCLUDE_IN_FRAMEWORK_HEADER = YES;
				CLANG_WARN_RANGE_LOOP_ANALYSIS = YES;
				CLANG_WARN_STRICT_PROTOTYPES = YES;
				CLANG_WARN_SUSPICIOUS_MOVE = YES;
				CLANG_WARN_UNGUARDED_AVAILABILITY = YES_AGGRESSIVE;
				CLANG_WARN_UNREACHABLE_CODE = YES;
				CLANG_WARN__DUPLICATE_METHOD_MATCH = YES;
				COPY_PHASE_STRIP = NO;
				DEBUG_INFORMATION_FORMAT = dwarf;
				ENABLE_STRICT_OBJC_MSGSEND = YES;
				ENABLE_TESTABILITY = YES;
				GCC_C_LANGUAGE_STANDARD = gnu11;
				GCC_DYNAMIC_NO_PIC = NO;
				GCC_NO_COMMON_BLOCKS = YES;
				GCC_OPTIMIZATION_LEVEL = 0;
				GCC_PREPROCESSOR_DEFINITIONS = (
					"DEBUG=1",
					"$(inherited)",
				);
				GCC_WARN_64_TO_32_BIT_CONVERSION = YES;
				GCC_WARN_ABOUT_RETURN_TYPE = YES_ERROR;
				GCC_WARN_UNDECLARED_SELECTOR = YES;
				GCC_WARN_UNINITIALIZED_AUTOS = YES_AGGRESSIVE;
				GCC_WARN_UNUSED_FUNCTION = YES;
				GCC_WARN_UNUSED_VARIABLE = YES;
				IPHONEOS_DEPLOYMENT_TARGET = 14.5;
				MTL_ENABLE_DEBUG_INFO = INCLUDE_SOURCE;
				MTL_FAST_MATH = YES;
				ONLY_ACTIVE_ARCH = YES;
				SDKROOT = iphoneos;
				SWIFT_ACTIVE_COMPILATION_CONDITIONS = DEBUG;
				SWIFT_OPTIMIZATION_LEVEL = "-Onone";
			};
			name = Debug;
		};
		2F592BD7262F031A006C464D /* Release */ = {
			isa = XCBuildConfiguration;
			buildSettings = {
				ALWAYS_SEARCH_USER_PATHS = NO;
				CLANG_ANALYZER_NONNULL = YES;
				CLANG_ANALYZER_NUMBER_OBJECT_CONVERSION = YES_AGGRESSIVE;
				CLANG_CXX_LANGUAGE_STANDARD = "gnu++14";
				CLANG_CXX_LIBRARY = "libc++";
				CLANG_ENABLE_MODULES = YES;
				CLANG_ENABLE_OBJC_ARC = YES;
				CLANG_ENABLE_OBJC_WEAK = YES;
				CLANG_WARN_BLOCK_CAPTURE_AUTORELEASING = YES;
				CLANG_WARN_BOOL_CONVERSION = YES;
				CLANG_WARN_COMMA = YES;
				CLANG_WARN_CONSTANT_CONVERSION = YES;
				CLANG_WARN_DEPRECATED_OBJC_IMPLEMENTATIONS = YES;
				CLANG_WARN_DIRECT_OBJC_ISA_USAGE = YES_ERROR;
				CLANG_WARN_DOCUMENTATION_COMMENTS = YES;
				CLANG_WARN_EMPTY_BODY = YES;
				CLANG_WARN_ENUM_CONVERSION = YES;
				CLANG_WARN_INFINITE_RECURSION = YES;
				CLANG_WARN_INT_CONVERSION = YES;
				CLANG_WARN_NON_LITERAL_NULL_CONVERSION = YES;
				CLANG_WARN_OBJC_IMPLICIT_RETAIN_SELF = YES;
				CLANG_WARN_OBJC_LITERAL_CONVERSION = YES;
				CLANG_WARN_OBJC_ROOT_CLASS = YES_ERROR;
				CLANG_WARN_QUOTED_INCLUDE_IN_FRAMEWORK_HEADER = YES;
				CLANG_WARN_RANGE_LOOP_ANALYSIS = YES;
				CLANG_WARN_STRICT_PROTOTYPES = YES;
				CLANG_WARN_SUSPICIOUS_MOVE = YES;
				CLANG_WARN_UNGUARDED_AVAILABILITY = YES_AGGRESSIVE;
				CLANG_WARN_UNREACHABLE_CODE = YES;
				CLANG_WARN__DUPLICATE_METHOD_MATCH = YES;
				COPY_PHASE_STRIP = NO;
				DEBUG_INFORMATION_FORMAT = "dwarf-with-dsym";
				ENABLE_NS_ASSERTIONS = NO;
				ENABLE_STRICT_OBJC_MSGSEND = YES;
				GCC_C_LANGUAGE_STANDARD = gnu11;
				GCC_NO_COMMON_BLOCKS = YES;
				GCC_WARN_64_TO_32_BIT_CONVERSION = YES;
				GCC_WARN_ABOUT_RETURN_TYPE = YES_ERROR;
				GCC_WARN_UNDECLARED_SELECTOR = YES;
				GCC_WARN_UNINITIALIZED_AUTOS = YES_AGGRESSIVE;
				GCC_WARN_UNUSED_FUNCTION = YES;
				GCC_WARN_UNUSED_VARIABLE = YES;
				IPHONEOS_DEPLOYMENT_TARGET = 14.5;
				MTL_ENABLE_DEBUG_INFO = NO;
				MTL_FAST_MATH = YES;
				SDKROOT = iphoneos;
				SWIFT_COMPILATION_MODE = wholemodule;
				SWIFT_OPTIMIZATION_LEVEL = "-O";
				VALIDATE_PRODUCT = YES;
			};
			name = Release;
		};
		2F592BD9262F031A006C464D /* Debug */ = {
			isa = XCBuildConfiguration;
			baseConfigurationReference = 0010544471656177020F36BE /* Pods-UTNotes.debug.xcconfig */;
			buildSettings = {
				ASSETCATALOG_COMPILER_APPICON_NAME = AppIcon;
				ASSETCATALOG_COMPILER_GLOBAL_ACCENT_COLOR_NAME = AccentColor;
				CODE_SIGN_STYLE = Automatic;
				DEVELOPMENT_TEAM = "";
				INFOPLIST_FILE = UTNotes/Info.plist;
				LD_RUNPATH_SEARCH_PATHS = (
					"$(inherited)",
					"@executable_path/Frameworks",
				);
				PRODUCT_BUNDLE_IDENTIFIER = com.nikesu.college.UTNotes;
				PRODUCT_NAME = "$(TARGET_NAME)";
				SWIFT_VERSION = 5.0;
				TARGETED_DEVICE_FAMILY = "1,2";
			};
			name = Debug;
		};
		2F592BDA262F031A006C464D /* Release */ = {
			isa = XCBuildConfiguration;
			baseConfigurationReference = 4F616416C9FDB08E7F9F27E1 /* Pods-UTNotes.release.xcconfig */;
			buildSettings = {
				ASSETCATALOG_COMPILER_APPICON_NAME = AppIcon;
				ASSETCATALOG_COMPILER_GLOBAL_ACCENT_COLOR_NAME = AccentColor;
				CODE_SIGN_STYLE = Automatic;
				DEVELOPMENT_TEAM = "";
				INFOPLIST_FILE = UTNotes/Info.plist;
				LD_RUNPATH_SEARCH_PATHS = (
					"$(inherited)",
					"@executable_path/Frameworks",
				);
				PRODUCT_BUNDLE_IDENTIFIER = com.nikesu.college.UTNotes;
				PRODUCT_NAME = "$(TARGET_NAME)";
				SWIFT_VERSION = 5.0;
				TARGETED_DEVICE_FAMILY = "1,2";
			};
			name = Release;
		};
		2F592BDC262F031A006C464D /* Debug */ = {
			isa = XCBuildConfiguration;
			baseConfigurationReference = 8C0B3CC2E6A6B5D8913106F2 /* Pods-UTNotesTests.debug.xcconfig */;
			buildSettings = {
				BUNDLE_LOADER = "$(TEST_HOST)";
				CODE_SIGN_STYLE = Automatic;
				DEVELOPMENT_TEAM = "";
				INFOPLIST_FILE = UTNotesTests/Info.plist;
				IPHONEOS_DEPLOYMENT_TARGET = 14.4;
				LD_RUNPATH_SEARCH_PATHS = (
					"$(inherited)",
					"@executable_path/Frameworks",
					"@loader_path/Frameworks",
				);
				PRODUCT_BUNDLE_IDENTIFIER = com.nikesu.college.UTNotesTests;
				PRODUCT_NAME = "$(TARGET_NAME)";
				SWIFT_VERSION = 5.0;
				TARGETED_DEVICE_FAMILY = "1,2";
				TEST_HOST = "$(BUILT_PRODUCTS_DIR)/UTNotes.app/UTNotes";
			};
			name = Debug;
		};
		2F592BDD262F031A006C464D /* Release */ = {
			isa = XCBuildConfiguration;
			baseConfigurationReference = 3037EBBEE9CBE7B95FAAD217 /* Pods-UTNotesTests.release.xcconfig */;
			buildSettings = {
				BUNDLE_LOADER = "$(TEST_HOST)";
				CODE_SIGN_STYLE = Automatic;
				DEVELOPMENT_TEAM = "";
				INFOPLIST_FILE = UTNotesTests/Info.plist;
				IPHONEOS_DEPLOYMENT_TARGET = 14.4;
				LD_RUNPATH_SEARCH_PATHS = (
					"$(inherited)",
					"@executable_path/Frameworks",
					"@loader_path/Frameworks",
				);
				PRODUCT_BUNDLE_IDENTIFIER = com.nikesu.college.UTNotesTests;
				PRODUCT_NAME = "$(TARGET_NAME)";
				SWIFT_VERSION = 5.0;
				TARGETED_DEVICE_FAMILY = "1,2";
				TEST_HOST = "$(BUILT_PRODUCTS_DIR)/UTNotes.app/UTNotes";
			};
			name = Release;
		};
		2F592BDF262F031A006C464D /* Debug */ = {
			isa = XCBuildConfiguration;
			baseConfigurationReference = 06D2F76DF48B90B626E0840A /* Pods-UTNotes-UTNotesUITests.debug.xcconfig */;
			buildSettings = {
				CODE_SIGN_STYLE = Automatic;
				DEVELOPMENT_TEAM = "";
				INFOPLIST_FILE = UTNotesUITests/Info.plist;
				LD_RUNPATH_SEARCH_PATHS = (
					"$(inherited)",
					"@executable_path/Frameworks",
					"@loader_path/Frameworks",
				);
				PRODUCT_BUNDLE_IDENTIFIER = com.nikesu.college.UTNotesUITests;
				PRODUCT_NAME = "$(TARGET_NAME)";
				SWIFT_VERSION = 5.0;
				TARGETED_DEVICE_FAMILY = "1,2";
				TEST_TARGET_NAME = UTNotes;
			};
			name = Debug;
		};
		2F592BE0262F031A006C464D /* Release */ = {
			isa = XCBuildConfiguration;
			baseConfigurationReference = F529A6B36DDF92061DEFF53F /* Pods-UTNotes-UTNotesUITests.release.xcconfig */;
			buildSettings = {
				CODE_SIGN_STYLE = Automatic;
				DEVELOPMENT_TEAM = "";
				INFOPLIST_FILE = UTNotesUITests/Info.plist;
				LD_RUNPATH_SEARCH_PATHS = (
					"$(inherited)",
					"@executable_path/Frameworks",
					"@loader_path/Frameworks",
				);
				PRODUCT_BUNDLE_IDENTIFIER = com.nikesu.college.UTNotesUITests;
				PRODUCT_NAME = "$(TARGET_NAME)";
				SWIFT_VERSION = 5.0;
				TARGETED_DEVICE_FAMILY = "1,2";
				TEST_TARGET_NAME = UTNotes;
			};
			name = Release;
		};
/* End XCBuildConfiguration section */

/* Begin XCConfigurationList section */
		2F592BA9262F0319006C464D /* Build configuration list for PBXProject "UTNotes" */ = {
			isa = XCConfigurationList;
			buildConfigurations = (
				2F592BD6262F031A006C464D /* Debug */,
				2F592BD7262F031A006C464D /* Release */,
			);
			defaultConfigurationIsVisible = 0;
			defaultConfigurationName = Release;
		};
		2F592BD8262F031A006C464D /* Build configuration list for PBXNativeTarget "UTNotes" */ = {
			isa = XCConfigurationList;
			buildConfigurations = (
				2F592BD9262F031A006C464D /* Debug */,
				2F592BDA262F031A006C464D /* Release */,
			);
			defaultConfigurationIsVisible = 0;
			defaultConfigurationName = Release;
		};
		2F592BDB262F031A006C464D /* Build configuration list for PBXNativeTarget "UTNotesTests" */ = {
			isa = XCConfigurationList;
			buildConfigurations = (
				2F592BDC262F031A006C464D /* Debug */,
				2F592BDD262F031A006C464D /* Release */,
			);
			defaultConfigurationIsVisible = 0;
			defaultConfigurationName = Release;
		};
		2F592BDE262F031A006C464D /* Build configuration list for PBXNativeTarget "UTNotesUITests" */ = {
			isa = XCConfigurationList;
			buildConfigurations = (
				2F592BDF262F031A006C464D /* Debug */,
				2F592BE0262F031A006C464D /* Release */,
			);
			defaultConfigurationIsVisible = 0;
			defaultConfigurationName = Release;
		};
/* End XCConfigurationList section */
	};
	rootObject = 2F592BA6262F0319006C464D /* Project object */;
}
